
Microsoft Visual Studio Solution File, Format Version 12.00
# Visual Studio Version 17
VisualStudioVersion = 17.11.35222.181
MinimumVisualStudioVersion = 10.0.40219.1
Project("{FAE04EC0-301F-11D3-BF4B-00C04F79EFBC}") = "BuildTrackSeven", "BuildTrackSeven.csproj", "{986C99DA-DE34-4D81-9E0C-1100499F2125}"
EndProject
Global
	GlobalSection(SolutionConfigurationPlatforms) = preSolution
		Debug|Any CPU = Debug|Any CPU
		Release|Any CPU = Release|Any CPU
	EndGlobalSection
	GlobalSection(ProjectConfigurationPlatforms) = postSolution
		{986C99DA-DE34-4D81-9E0C-1100499F2125}.Debug|Any CPU.ActiveCfg = Debug|Any CPU
		{986C99DA-DE34-4D81-9E0C-1100499F2125}.Debug|Any CPU.Build.0 = Debug|Any CPU
		{986C99DA-DE34-4D81-9E0C-1100499F2125}.Release|Any CPU.ActiveCfg = Release|Any CPU
		{986C99DA-DE34-4D81-9E0C-1100499F2125}.Release|Any CPU.Build.0 = Release|Any CPU
	EndGlobalSection
	GlobalSection(SolutionProperties) = preSolution
		HideSolutionNode = FALSE
	EndGlobalSection
	GlobalSection(ExtensibilityGlobals) = postSolution
		SolutionGuid = {D3C74F3C-772A-4EA2-ADDE-698C04EDCA97}
	EndGlobalSection
EndGlobal
